
Microsoft Visual Studio Solution File, Format Version 12.00
# Visual Studio 2015
Project("{FAE04EC0-301F-11D3-BF4B-00C04F79EFBC}") = "Mash this jumpo", "Mash this jumpo.csproj", "{510B7EE1-6CBF-2226-7ED2-DCB36DB403E9}"
EndProject
Global
	GlobalSection(SolutionConfigurationPlatforms) = preSolution
		Debug|Any CPU = Debug|Any CPU
		Release|Any CPU = Release|Any CPU
	EndGlobalSection
	GlobalSection(ProjectConfigurationPlatforms) = postSolution
		{510B7EE1-6CBF-2226-7ED2-DCB36DB403E9}.Debug|Any CPU.ActiveCfg = Debug|Any CPU
		{510B7EE1-6CBF-2226-7ED2-DCB36DB403E9}.Debug|Any CPU.Build.0 = Debug|Any CPU
		{510B7EE1-6CBF-2226-7ED2-DCB36DB403E9}.Release|Any CPU.ActiveCfg = Release|Any CPU
		{510B7EE1-6CBF-2226-7ED2-DCB36DB403E9}.Release|Any CPU.Build.0 = Release|Any CPU
	EndGlobalSection
	GlobalSection(SolutionProperties) = preSolution
		HideSolutionNode = FALSE
	EndGlobalSection
EndGlobal
